<?xml version="1.0" encoding="utf-8"?>
<Project ToolsVersion="4.0" xmlns="http://schemas.microsoft.com/developer/msbuild/2003">
  <ItemGroup>
    <ClCompile Include="..\src\chap10\DiffusePyramidDemo\DiffusePyramidDemo.cpp" />
  </ItemGroup>
  <ItemGroup>
    <Filter Include="fx">
      <UniqueIdentifier>{6c182985-aef2-4654-9136-257af068cfd8}</UniqueIdentifier>
    </Filter>
  </ItemGroup>
  <ItemGroup>
    <FxCompile Include="..\src\chap10\DiffusePyramidDemo\diffuse.fx">
      <Filter>fx</Filter>
    </FxCompile>
  </ItemGroup>
</Project>