<?xml version="1.0" encoding="utf-8"?>
<Project ToolsVersion="4.0" xmlns="http://schemas.microsoft.com/developer/msbuild/2003">
  <ItemGroup>
    <ClCompile Include="..\src\chap09\ColoredWavesDemo\ColoredWavesDemo.cpp" />
  </ItemGroup>
  <ItemGroup>
    <Filter Include="fx">
      <UniqueIdentifier>{5827cf0c-10e5-43e3-b3b7-9351cdf9f2f5}</UniqueIdentifier>
    </Filter>
  </ItemGroup>
  <ItemGroup>
    <FxCompile Include="..\src\chap09\ColoredWavesDemo\color.fx">
      <Filter>fx</Filter>
    </FxCompile>
  </ItemGroup>
</Project>