<?xml version="1.0" encoding="utf-8"?>
<Project ToolsVersion="4.0" xmlns="http://schemas.microsoft.com/developer/msbuild/2003">
  <ItemGroup>
    <ClCompile Include="..\src\chap10\DiffuseCubeDemo\DiffuseCubeDemo.cpp" />
  </ItemGroup>
  <ItemGroup>
    <Filter Include="fx">
      <UniqueIdentifier>{44fe5287-f9c6-4517-8025-f570c89af397}</UniqueIdentifier>
    </Filter>
  </ItemGroup>
  <ItemGroup>
    <FxCompile Include="..\src\chap10\DiffuseCubeDemo\diffuse.fx">
      <Filter>fx</Filter>
    </FxCompile>
  </ItemGroup>
</Project>