<?xml version="1.0" encoding="utf-8"?>
<Project ToolsVersion="4.0" xmlns="http://schemas.microsoft.com/developer/msbuild/2003">
  <ItemGroup>
    <ClCompile Include="..\src\chap10\DiffuseDemo\DiffuseDemo.cpp" />
  </ItemGroup>
  <ItemGroup>
    <Filter Include="fx">
      <UniqueIdentifier>{ad041790-55b6-4d5d-b5cb-83815eaf90c2}</UniqueIdentifier>
    </Filter>
  </ItemGroup>
  <ItemGroup>
    <FxCompile Include="..\src\chap10\DiffuseDemo\diffuse.fx">
      <Filter>fx</Filter>
    </FxCompile>
  </ItemGroup>
</Project>