
Microsoft Visual Studio Solution File, Format Version 12.00
# Visual Studio 2012
Project("{8BC9CEB8-8B4A-11D0-8D11-00A0C91BC942}") = "IntroDX9Common", "IntroDX9Common.vcxproj", "{8CBCA9DB-773D-47FE-B794-B082B5CD4EA4}"
EndProject
Project("{2150E333-8FDC-42A3-9474-1A3956D46DE8}") = "lib", "lib", "{C57C742F-B84A-42E2-A827-4B51418BA18B}"
EndProject
Project("{2150E333-8FDC-42A3-9474-1A3956D46DE8}") = "demo", "demo", "{EE5C7F0B-147E-4F75-BC63-1F71C5B81EFC}"
EndProject
Project("{8BC9CEB8-8B4A-11D0-8D11-00A0C91BC942}") = "04_InitDX9", "04_InitDX9.vcxproj", "{441E335D-1C5C-43B6-8346-5102577D7A6A}"
	ProjectSection(ProjectDependencies) = postProject
		{8CBCA9DB-773D-47FE-B794-B082B5CD4EA4} = {8CBCA9DB-773D-47FE-B794-B082B5CD4EA4}
	EndProjectSection
EndProject
Project("{8BC9CEB8-8B4A-11D0-8D11-00A0C91BC942}") = "05_GfxStatsDemo", "05_GfxStatsDemo.vcxproj", "{552A0A3E-0ECE-4738-9F9B-1B2C39F08773}"
	ProjectSection(ProjectDependencies) = postProject
		{8CBCA9DB-773D-47FE-B794-B082B5CD4EA4} = {8CBCA9DB-773D-47FE-B794-B082B5CD4EA4}
	EndProjectSection
EndProject
Project("{8BC9CEB8-8B4A-11D0-8D11-00A0C91BC942}") = "05_PageFlipDemo", "05_PageFlipDemo.vcxproj", "{255257AE-A3FF-4A35-B124-09F7F068153F}"
	ProjectSection(ProjectDependencies) = postProject
		{8CBCA9DB-773D-47FE-B794-B082B5CD4EA4} = {8CBCA9DB-773D-47FE-B794-B082B5CD4EA4}
	EndProjectSection
EndProject
Project("{8BC9CEB8-8B4A-11D0-8D11-00A0C91BC942}") = "07_CubeDemo", "07_CubeDemo.vcxproj", "{965BAB35-6F88-47DB-935A-8F5E4DA9B8C0}"
	ProjectSection(ProjectDependencies) = postProject
		{8CBCA9DB-773D-47FE-B794-B082B5CD4EA4} = {8CBCA9DB-773D-47FE-B794-B082B5CD4EA4}
	EndProjectSection
EndProject
Project("{8BC9CEB8-8B4A-11D0-8D11-00A0C91BC942}") = "08_TriGridDemo", "08_TriGridDemo.vcxproj", "{35191F56-65E8-4B10-8FB4-75779A7B1D52}"
	ProjectSection(ProjectDependencies) = postProject
		{8CBCA9DB-773D-47FE-B794-B082B5CD4EA4} = {8CBCA9DB-773D-47FE-B794-B082B5CD4EA4}
	EndProjectSection
EndProject
Project("{8BC9CEB8-8B4A-11D0-8D11-00A0C91BC942}") = "08_MeshDemo", "08_MeshDemo.vcxproj", "{ECB3EDEB-D0D1-4132-A429-6AEC812F1C2D}"
	ProjectSection(ProjectDependencies) = postProject
		{8CBCA9DB-773D-47FE-B794-B082B5CD4EA4} = {8CBCA9DB-773D-47FE-B794-B082B5CD4EA4}
	EndProjectSection
EndProject
Project("{8BC9CEB8-8B4A-11D0-8D11-00A0C91BC942}") = "09_ColoredCubeDemo", "09_ColoredCubeDemo.vcxproj", "{F8475E88-3441-4054-9D02-5F61F10F66AB}"
	ProjectSection(ProjectDependencies) = postProject
		{8CBCA9DB-773D-47FE-B794-B082B5CD4EA4} = {8CBCA9DB-773D-47FE-B794-B082B5CD4EA4}
	EndProjectSection
EndProject
Project("{8BC9CEB8-8B4A-11D0-8D11-00A0C91BC942}") = "09_ColoredWavesDemo", "09_ColoredWavesDemo.vcxproj", "{61567706-E4A1-468E-A098-918EAE12D368}"
EndProject
Project("{8BC9CEB8-8B4A-11D0-8D11-00A0C91BC942}") = "10_DiffuseDemo", "10_DiffuseDemo.vcxproj", "{C63F8F04-DD71-4406-B345-664A010E9E0F}"
EndProject
Project("{8BC9CEB8-8B4A-11D0-8D11-00A0C91BC942}") = "10_DiffuseCubeDemo", "10_DiffuseCubeDemo.vcxproj", "{37D62912-AB1B-42D0-AB09-D7B348CF6D08}"
	ProjectSection(ProjectDependencies) = postProject
		{8CBCA9DB-773D-47FE-B794-B082B5CD4EA4} = {8CBCA9DB-773D-47FE-B794-B082B5CD4EA4}
	EndProjectSection
EndProject
Project("{8BC9CEB8-8B4A-11D0-8D11-00A0C91BC942}") = "10_DiffusePyramidDemo", "10_DiffusePyramidDemo.vcxproj", "{88ABAC15-BB34-41CC-A698-E68867BC38D3}"
	ProjectSection(ProjectDependencies) = postProject
		{8CBCA9DB-773D-47FE-B794-B082B5CD4EA4} = {8CBCA9DB-773D-47FE-B794-B082B5CD4EA4}
	EndProjectSection
EndProject
Project("{8BC9CEB8-8B4A-11D0-8D11-00A0C91BC942}") = "10_AmbientDiffuseDemo", "10_AmbientDiffuseDemo.vcxproj", "{AED22905-9D5B-4252-A28B-8F81A0C47C63}"
	ProjectSection(ProjectDependencies) = postProject
		{8CBCA9DB-773D-47FE-B794-B082B5CD4EA4} = {8CBCA9DB-773D-47FE-B794-B082B5CD4EA4}
	EndProjectSection
EndProject
Project("{8BC9CEB8-8B4A-11D0-8D11-00A0C91BC942}") = "10_AmbientDiffuseSpecularDemo", "10_AmbientDiffuseSpecularDemo.vcxproj", "{EE7CA060-CBF1-4F5B-B40F-3D2F4182569D}"
	ProjectSection(ProjectDependencies) = postProject
		{8CBCA9DB-773D-47FE-B794-B082B5CD4EA4} = {8CBCA9DB-773D-47FE-B794-B082B5CD4EA4}
	EndProjectSection
EndProject
Project("{8BC9CEB8-8B4A-11D0-8D11-00A0C91BC942}") = "10_PhongDemo", "10_PhongDemo.vcxproj", "{E332DB19-E2E7-4F03-91B4-91F6130E3DEB}"
	ProjectSection(ProjectDependencies) = postProject
		{8CBCA9DB-773D-47FE-B794-B082B5CD4EA4} = {8CBCA9DB-773D-47FE-B794-B082B5CD4EA4}
	EndProjectSection
EndProject
Project("{8BC9CEB8-8B4A-11D0-8D11-00A0C91BC942}") = "10_ToonDemo", "10_ToonDemo.vcxproj", "{36A8F379-3D58-4DC3-9313-D4CCF75E9788}"
EndProject
Project("{8BC9CEB8-8B4A-11D0-8D11-00A0C91BC942}") = "11_CrateDemo", "11_CrateDemo.vcxproj", "{78A60406-9151-4CB7-8E1D-7C9354E9A996}"
	ProjectSection(ProjectDependencies) = postProject
		{8CBCA9DB-773D-47FE-B794-B082B5CD4EA4} = {8CBCA9DB-773D-47FE-B794-B082B5CD4EA4}
	EndProjectSection
EndProject
Global
	GlobalSection(SolutionConfigurationPlatforms) = preSolution
		Debug|Win32 = Debug|Win32
		Release|Win32 = Release|Win32
	EndGlobalSection
	GlobalSection(ProjectConfigurationPlatforms) = postSolution
		{8CBCA9DB-773D-47FE-B794-B082B5CD4EA4}.Debug|Win32.ActiveCfg = Debug|Win32
		{8CBCA9DB-773D-47FE-B794-B082B5CD4EA4}.Debug|Win32.Build.0 = Debug|Win32
		{8CBCA9DB-773D-47FE-B794-B082B5CD4EA4}.Release|Win32.ActiveCfg = Release|Win32
		{8CBCA9DB-773D-47FE-B794-B082B5CD4EA4}.Release|Win32.Build.0 = Release|Win32
		{441E335D-1C5C-43B6-8346-5102577D7A6A}.Debug|Win32.ActiveCfg = Debug|Win32
		{441E335D-1C5C-43B6-8346-5102577D7A6A}.Debug|Win32.Build.0 = Debug|Win32
		{441E335D-1C5C-43B6-8346-5102577D7A6A}.Release|Win32.ActiveCfg = Release|Win32
		{441E335D-1C5C-43B6-8346-5102577D7A6A}.Release|Win32.Build.0 = Release|Win32
		{552A0A3E-0ECE-4738-9F9B-1B2C39F08773}.Debug|Win32.ActiveCfg = Debug|Win32
		{552A0A3E-0ECE-4738-9F9B-1B2C39F08773}.Debug|Win32.Build.0 = Debug|Win32
		{552A0A3E-0ECE-4738-9F9B-1B2C39F08773}.Release|Win32.ActiveCfg = Release|Win32
		{552A0A3E-0ECE-4738-9F9B-1B2C39F08773}.Release|Win32.Build.0 = Release|Win32
		{255257AE-A3FF-4A35-B124-09F7F068153F}.Debug|Win32.ActiveCfg = Debug|Win32
		{255257AE-A3FF-4A35-B124-09F7F068153F}.Debug|Win32.Build.0 = Debug|Win32
		{255257AE-A3FF-4A35-B124-09F7F068153F}.Release|Win32.ActiveCfg = Release|Win32
		{255257AE-A3FF-4A35-B124-09F7F068153F}.Release|Win32.Build.0 = Release|Win32
		{965BAB35-6F88-47DB-935A-8F5E4DA9B8C0}.Debug|Win32.ActiveCfg = Debug|Win32
		{965BAB35-6F88-47DB-935A-8F5E4DA9B8C0}.Debug|Win32.Build.0 = Debug|Win32
		{965BAB35-6F88-47DB-935A-8F5E4DA9B8C0}.Release|Win32.ActiveCfg = Release|Win32
		{965BAB35-6F88-47DB-935A-8F5E4DA9B8C0}.Release|Win32.Build.0 = Release|Win32
		{35191F56-65E8-4B10-8FB4-75779A7B1D52}.Debug|Win32.ActiveCfg = Debug|Win32
		{35191F56-65E8-4B10-8FB4-75779A7B1D52}.Debug|Win32.Build.0 = Debug|Win32
		{35191F56-65E8-4B10-8FB4-75779A7B1D52}.Release|Win32.ActiveCfg = Release|Win32
		{35191F56-65E8-4B10-8FB4-75779A7B1D52}.Release|Win32.Build.0 = Release|Win32
		{ECB3EDEB-D0D1-4132-A429-6AEC812F1C2D}.Debug|Win32.ActiveCfg = Debug|Win32
		{ECB3EDEB-D0D1-4132-A429-6AEC812F1C2D}.Debug|Win32.Build.0 = Debug|Win32
		{ECB3EDEB-D0D1-4132-A429-6AEC812F1C2D}.Release|Win32.ActiveCfg = Release|Win32
		{ECB3EDEB-D0D1-4132-A429-6AEC812F1C2D}.Release|Win32.Build.0 = Release|Win32
		{F8475E88-3441-4054-9D02-5F61F10F66AB}.Debug|Win32.ActiveCfg = Debug|Win32
		{F8475E88-3441-4054-9D02-5F61F10F66AB}.Debug|Win32.Build.0 = Debug|Win32
		{F8475E88-3441-4054-9D02-5F61F10F66AB}.Release|Win32.ActiveCfg = Release|Win32
		{F8475E88-3441-4054-9D02-5F61F10F66AB}.Release|Win32.Build.0 = Release|Win32
		{61567706-E4A1-468E-A098-918EAE12D368}.Debug|Win32.ActiveCfg = Debug|Win32
		{61567706-E4A1-468E-A098-918EAE12D368}.Debug|Win32.Build.0 = Debug|Win32
		{61567706-E4A1-468E-A098-918EAE12D368}.Release|Win32.ActiveCfg = Release|Win32
		{61567706-E4A1-468E-A098-918EAE12D368}.Release|Win32.Build.0 = Release|Win32
		{C63F8F04-DD71-4406-B345-664A010E9E0F}.Debug|Win32.ActiveCfg = Debug|Win32
		{C63F8F04-DD71-4406-B345-664A010E9E0F}.Debug|Win32.Build.0 = Debug|Win32
		{C63F8F04-DD71-4406-B345-664A010E9E0F}.Release|Win32.ActiveCfg = Release|Win32
		{C63F8F04-DD71-4406-B345-664A010E9E0F}.Release|Win32.Build.0 = Release|Win32
		{37D62912-AB1B-42D0-AB09-D7B348CF6D08}.Debug|Win32.ActiveCfg = Debug|Win32
		{37D62912-AB1B-42D0-AB09-D7B348CF6D08}.Debug|Win32.Build.0 = Debug|Win32
		{37D62912-AB1B-42D0-AB09-D7B348CF6D08}.Release|Win32.ActiveCfg = Release|Win32
		{37D62912-AB1B-42D0-AB09-D7B348CF6D08}.Release|Win32.Build.0 = Release|Win32
		{88ABAC15-BB34-41CC-A698-E68867BC38D3}.Debug|Win32.ActiveCfg = Debug|Win32
		{88ABAC15-BB34-41CC-A698-E68867BC38D3}.Debug|Win32.Build.0 = Debug|Win32
		{88ABAC15-BB34-41CC-A698-E68867BC38D3}.Release|Win32.ActiveCfg = Release|Win32
		{88ABAC15-BB34-41CC-A698-E68867BC38D3}.Release|Win32.Build.0 = Release|Win32
		{AED22905-9D5B-4252-A28B-8F81A0C47C63}.Debug|Win32.ActiveCfg = Debug|Win32
		{AED22905-9D5B-4252-A28B-8F81A0C47C63}.Debug|Win32.Build.0 = Debug|Win32
		{AED22905-9D5B-4252-A28B-8F81A0C47C63}.Release|Win32.ActiveCfg = Release|Win32
		{AED22905-9D5B-4252-A28B-8F81A0C47C63}.Release|Win32.Build.0 = Release|Win32
		{EE7CA060-CBF1-4F5B-B40F-3D2F4182569D}.Debug|Win32.ActiveCfg = Debug|Win32
		{EE7CA060-CBF1-4F5B-B40F-3D2F4182569D}.Debug|Win32.Build.0 = Debug|Win32
		{EE7CA060-CBF1-4F5B-B40F-3D2F4182569D}.Release|Win32.ActiveCfg = Release|Win32
		{EE7CA060-CBF1-4F5B-B40F-3D2F4182569D}.Release|Win32.Build.0 = Release|Win32
		{E332DB19-E2E7-4F03-91B4-91F6130E3DEB}.Debug|Win32.ActiveCfg = Debug|Win32
		{E332DB19-E2E7-4F03-91B4-91F6130E3DEB}.Debug|Win32.Build.0 = Debug|Win32
		{E332DB19-E2E7-4F03-91B4-91F6130E3DEB}.Release|Win32.ActiveCfg = Release|Win32
		{E332DB19-E2E7-4F03-91B4-91F6130E3DEB}.Release|Win32.Build.0 = Release|Win32
		{36A8F379-3D58-4DC3-9313-D4CCF75E9788}.Debug|Win32.ActiveCfg = Debug|Win32
		{36A8F379-3D58-4DC3-9313-D4CCF75E9788}.Debug|Win32.Build.0 = Debug|Win32
		{36A8F379-3D58-4DC3-9313-D4CCF75E9788}.Release|Win32.ActiveCfg = Release|Win32
		{36A8F379-3D58-4DC3-9313-D4CCF75E9788}.Release|Win32.Build.0 = Release|Win32
		{78A60406-9151-4CB7-8E1D-7C9354E9A996}.Debug|Win32.ActiveCfg = Debug|Win32
		{78A60406-9151-4CB7-8E1D-7C9354E9A996}.Debug|Win32.Build.0 = Debug|Win32
		{78A60406-9151-4CB7-8E1D-7C9354E9A996}.Release|Win32.ActiveCfg = Release|Win32
		{78A60406-9151-4CB7-8E1D-7C9354E9A996}.Release|Win32.Build.0 = Release|Win32
	EndGlobalSection
	GlobalSection(SolutionProperties) = preSolution
		HideSolutionNode = FALSE
	EndGlobalSection
	GlobalSection(NestedProjects) = preSolution
		{8CBCA9DB-773D-47FE-B794-B082B5CD4EA4} = {C57C742F-B84A-42E2-A827-4B51418BA18B}
		{441E335D-1C5C-43B6-8346-5102577D7A6A} = {EE5C7F0B-147E-4F75-BC63-1F71C5B81EFC}
		{552A0A3E-0ECE-4738-9F9B-1B2C39F08773} = {EE5C7F0B-147E-4F75-BC63-1F71C5B81EFC}
		{255257AE-A3FF-4A35-B124-09F7F068153F} = {EE5C7F0B-147E-4F75-BC63-1F71C5B81EFC}
		{965BAB35-6F88-47DB-935A-8F5E4DA9B8C0} = {EE5C7F0B-147E-4F75-BC63-1F71C5B81EFC}
		{35191F56-65E8-4B10-8FB4-75779A7B1D52} = {EE5C7F0B-147E-4F75-BC63-1F71C5B81EFC}
		{ECB3EDEB-D0D1-4132-A429-6AEC812F1C2D} = {EE5C7F0B-147E-4F75-BC63-1F71C5B81EFC}
		{F8475E88-3441-4054-9D02-5F61F10F66AB} = {EE5C7F0B-147E-4F75-BC63-1F71C5B81EFC}
		{61567706-E4A1-468E-A098-918EAE12D368} = {EE5C7F0B-147E-4F75-BC63-1F71C5B81EFC}
		{C63F8F04-DD71-4406-B345-664A010E9E0F} = {EE5C7F0B-147E-4F75-BC63-1F71C5B81EFC}
		{37D62912-AB1B-42D0-AB09-D7B348CF6D08} = {EE5C7F0B-147E-4F75-BC63-1F71C5B81EFC}
		{88ABAC15-BB34-41CC-A698-E68867BC38D3} = {EE5C7F0B-147E-4F75-BC63-1F71C5B81EFC}
		{AED22905-9D5B-4252-A28B-8F81A0C47C63} = {EE5C7F0B-147E-4F75-BC63-1F71C5B81EFC}
		{EE7CA060-CBF1-4F5B-B40F-3D2F4182569D} = {EE5C7F0B-147E-4F75-BC63-1F71C5B81EFC}
		{E332DB19-E2E7-4F03-91B4-91F6130E3DEB} = {EE5C7F0B-147E-4F75-BC63-1F71C5B81EFC}
		{36A8F379-3D58-4DC3-9313-D4CCF75E9788} = {EE5C7F0B-147E-4F75-BC63-1F71C5B81EFC}
		{78A60406-9151-4CB7-8E1D-7C9354E9A996} = {EE5C7F0B-147E-4F75-BC63-1F71C5B81EFC}
	EndGlobalSection
EndGlobal
