
Microsoft Visual Studio Solution File, Format Version 12.00
# Visual Studio 2012
Project("{8BC9CEB8-8B4A-11D0-8D11-00A0C91BC942}") = "IntroDX9Common", "IntroDX9Common.vcxproj", "{8CBCA9DB-773D-47FE-B794-B082B5CD4EA4}"
EndProject
Project("{2150E333-8FDC-42A3-9474-1A3956D46DE8}") = "lib", "lib", "{C57C742F-B84A-42E2-A827-4B51418BA18B}"
EndProject
Project("{2150E333-8FDC-42A3-9474-1A3956D46DE8}") = "demo", "demo", "{EE5C7F0B-147E-4F75-BC63-1F71C5B81EFC}"
EndProject
Project("{8BC9CEB8-8B4A-11D0-8D11-00A0C91BC942}") = "04_InitDX9", "04_InitDX9.vcxproj", "{441E335D-1C5C-43B6-8346-5102577D7A6A}"
	ProjectSection(ProjectDependencies) = postProject
		{8CBCA9DB-773D-47FE-B794-B082B5CD4EA4} = {8CBCA9DB-773D-47FE-B794-B082B5CD4EA4}
	EndProjectSection
EndProject
Project("{8BC9CEB8-8B4A-11D0-8D11-00A0C91BC942}") = "05_GfxStatsDemo", "05_GfxStatsDemo.vcxproj", "{552A0A3E-0ECE-4738-9F9B-1B2C39F08773}"
	ProjectSection(ProjectDependencies) = postProject
		{8CBCA9DB-773D-47FE-B794-B082B5CD4EA4} = {8CBCA9DB-773D-47FE-B794-B082B5CD4EA4}
	EndProjectSection
EndProject
Project("{8BC9CEB8-8B4A-11D0-8D11-00A0C91BC942}") = "05_PageFlipDemo", "05_PageFlipDemo.vcxproj", "{255257AE-A3FF-4A35-B124-09F7F068153F}"
	ProjectSection(ProjectDependencies) = postProject
		{8CBCA9DB-773D-47FE-B794-B082B5CD4EA4} = {8CBCA9DB-773D-47FE-B794-B082B5CD4EA4}
	EndProjectSection
EndProject
Global
	GlobalSection(SolutionConfigurationPlatforms) = preSolution
		Debug|Win32 = Debug|Win32
		Release|Win32 = Release|Win32
	EndGlobalSection
	GlobalSection(ProjectConfigurationPlatforms) = postSolution
		{8CBCA9DB-773D-47FE-B794-B082B5CD4EA4}.Debug|Win32.ActiveCfg = Debug|Win32
		{8CBCA9DB-773D-47FE-B794-B082B5CD4EA4}.Debug|Win32.Build.0 = Debug|Win32
		{8CBCA9DB-773D-47FE-B794-B082B5CD4EA4}.Release|Win32.ActiveCfg = Release|Win32
		{8CBCA9DB-773D-47FE-B794-B082B5CD4EA4}.Release|Win32.Build.0 = Release|Win32
		{441E335D-1C5C-43B6-8346-5102577D7A6A}.Debug|Win32.ActiveCfg = Debug|Win32
		{441E335D-1C5C-43B6-8346-5102577D7A6A}.Debug|Win32.Build.0 = Debug|Win32
		{441E335D-1C5C-43B6-8346-5102577D7A6A}.Release|Win32.ActiveCfg = Release|Win32
		{441E335D-1C5C-43B6-8346-5102577D7A6A}.Release|Win32.Build.0 = Release|Win32
		{552A0A3E-0ECE-4738-9F9B-1B2C39F08773}.Debug|Win32.ActiveCfg = Debug|Win32
		{552A0A3E-0ECE-4738-9F9B-1B2C39F08773}.Debug|Win32.Build.0 = Debug|Win32
		{552A0A3E-0ECE-4738-9F9B-1B2C39F08773}.Release|Win32.ActiveCfg = Release|Win32
		{552A0A3E-0ECE-4738-9F9B-1B2C39F08773}.Release|Win32.Build.0 = Release|Win32
		{255257AE-A3FF-4A35-B124-09F7F068153F}.Debug|Win32.ActiveCfg = Debug|Win32
		{255257AE-A3FF-4A35-B124-09F7F068153F}.Debug|Win32.Build.0 = Debug|Win32
		{255257AE-A3FF-4A35-B124-09F7F068153F}.Release|Win32.ActiveCfg = Release|Win32
		{255257AE-A3FF-4A35-B124-09F7F068153F}.Release|Win32.Build.0 = Release|Win32
	EndGlobalSection
	GlobalSection(SolutionProperties) = preSolution
		HideSolutionNode = FALSE
	EndGlobalSection
	GlobalSection(NestedProjects) = preSolution
		{8CBCA9DB-773D-47FE-B794-B082B5CD4EA4} = {C57C742F-B84A-42E2-A827-4B51418BA18B}
		{441E335D-1C5C-43B6-8346-5102577D7A6A} = {EE5C7F0B-147E-4F75-BC63-1F71C5B81EFC}
		{552A0A3E-0ECE-4738-9F9B-1B2C39F08773} = {EE5C7F0B-147E-4F75-BC63-1F71C5B81EFC}
		{255257AE-A3FF-4A35-B124-09F7F068153F} = {EE5C7F0B-147E-4F75-BC63-1F71C5B81EFC}
	EndGlobalSection
EndGlobal
